{
  "name": "excms_server",
  "lockfileVersion": 2,
  "requires": true,
  "packages": {
    "": {
      "name": "excms_server",
      "license": "Apache-2.0",
      "dependencies": {
        "excms_core": "file:../"
      }
    },
    "..": {
      "license": "Apache-2.0",
      "dependencies": {
        "@popperjs/core": "^2.9.2",
        "bootstrap": "^5.0.1"
      }
    },
    "node_modules/excms_core": {
      "resolved": "..",
      "link": true
    }
  },
  "dependencies": {
    "excms_core": {
      "version": "file:..",
      "requires": {
        "@popperjs/core": "^2.9.2",
        "bootstrap": "^5.0.1"
      }
    }
  }
}
